// !$*UTF8*$!
{
	archiveVersion = 1;
	classes = {
	};
	objectVersion = 46;
	objects = {

/* Begin PBXBuildFile section */
		8425F6051E317D9200A8E1B5 /* ServerManager.swift in Sources */ = {isa = PBXBuildFile; fileRef = 8425F6041E317D9200A8E1B5 /* ServerManager.swift */; };
		8425F6061E317D9200A8E1B5 /* ServerManager.swift in Sources */ = {isa = PBXBuildFile; fileRef = 8425F6041E317D9200A8E1B5 /* ServerManager.swift */; };
		8425F6071E317D9200A8E1B5 /* ServerManager.swift in Sources */ = {isa = PBXBuildFile; fileRef = 8425F6041E317D9200A8E1B5 /* ServerManager.swift */; };
		842DD3F01E2035F700FCABFB /* Metrics.swift in Sources */ = {isa = PBXBuildFile; fileRef = 842DD3EF1E2035F700FCABFB /* Metrics.swift */; };
		843222661E1EC7A200122709 /* CGFloat+Extensions.swift in Sources */ = {isa = PBXBuildFile; fileRef = 8432225A1E1EC7A200122709 /* CGFloat+Extensions.swift */; };
		843222671E1EC7A200122709 /* CGFloat+Extensions.swift in Sources */ = {isa = PBXBuildFile; fileRef = 8432225A1E1EC7A200122709 /* CGFloat+Extensions.swift */; };
		843222681E1EC7A200122709 /* CGFloat+Extensions.swift in Sources */ = {isa = PBXBuildFile; fileRef = 8432225A1E1EC7A200122709 /* CGFloat+Extensions.swift */; };
		843222691E1EC7A200122709 /* CGPoint+Extensions.swift in Sources */ = {isa = PBXBuildFile; fileRef = 8432225B1E1EC7A200122709 /* CGPoint+Extensions.swift */; };
		8432226A1E1EC7A200122709 /* CGPoint+Extensions.swift in Sources */ = {isa = PBXBuildFile; fileRef = 8432225B1E1EC7A200122709 /* CGPoint+Extensions.swift */; };
		8432226B1E1EC7A200122709 /* CGPoint+Extensions.swift in Sources */ = {isa = PBXBuildFile; fileRef = 8432225B1E1EC7A200122709 /* CGPoint+Extensions.swift */; };
		8432226C1E1EC7A200122709 /* CGVector+Extensions.swift in Sources */ = {isa = PBXBuildFile; fileRef = 8432225C1E1EC7A200122709 /* CGVector+Extensions.swift */; };
		8432226D1E1EC7A200122709 /* CGVector+Extensions.swift in Sources */ = {isa = PBXBuildFile; fileRef = 8432225C1E1EC7A200122709 /* CGVector+Extensions.swift */; };
		8432226E1E1EC7A200122709 /* CGVector+Extensions.swift in Sources */ = {isa = PBXBuildFile; fileRef = 8432225C1E1EC7A200122709 /* CGVector+Extensions.swift */; };
		8432226F1E1EC7A200122709 /* Int+Extensions.swift in Sources */ = {isa = PBXBuildFile; fileRef = 8432225D1E1EC7A200122709 /* Int+Extensions.swift */; };
		843222701E1EC7A200122709 /* Int+Extensions.swift in Sources */ = {isa = PBXBuildFile; fileRef = 8432225D1E1EC7A200122709 /* Int+Extensions.swift */; };
		843222711E1EC7A200122709 /* Int+Extensions.swift in Sources */ = {isa = PBXBuildFile; fileRef = 8432225D1E1EC7A200122709 /* Int+Extensions.swift */; };
		843222721E1EC7A200122709 /* SKAction+Extensions.swift in Sources */ = {isa = PBXBuildFile; fileRef = 8432225E1E1EC7A200122709 /* SKAction+Extensions.swift */; };
		843222731E1EC7A200122709 /* SKAction+Extensions.swift in Sources */ = {isa = PBXBuildFile; fileRef = 8432225E1E1EC7A200122709 /* SKAction+Extensions.swift */; };
		843222741E1EC7A200122709 /* SKAction+Extensions.swift in Sources */ = {isa = PBXBuildFile; fileRef = 8432225E1E1EC7A200122709 /* SKAction+Extensions.swift */; };
		843222751E1EC7A200122709 /* SKAction+SpecialEffects.swift in Sources */ = {isa = PBXBuildFile; fileRef = 8432225F1E1EC7A200122709 /* SKAction+SpecialEffects.swift */; };
		843222761E1EC7A200122709 /* SKAction+SpecialEffects.swift in Sources */ = {isa = PBXBuildFile; fileRef = 8432225F1E1EC7A200122709 /* SKAction+SpecialEffects.swift */; };
		843222771E1EC7A200122709 /* SKAction+SpecialEffects.swift in Sources */ = {isa = PBXBuildFile; fileRef = 8432225F1E1EC7A200122709 /* SKAction+SpecialEffects.swift */; };
		843222781E1EC7A200122709 /* SKColor+Extensions.swift in Sources */ = {isa = PBXBuildFile; fileRef = 843222601E1EC7A200122709 /* SKColor+Extensions.swift */; };
		843222791E1EC7A200122709 /* SKColor+Extensions.swift in Sources */ = {isa = PBXBuildFile; fileRef = 843222601E1EC7A200122709 /* SKColor+Extensions.swift */; };
		8432227A1E1EC7A200122709 /* SKColor+Extensions.swift in Sources */ = {isa = PBXBuildFile; fileRef = 843222601E1EC7A200122709 /* SKColor+Extensions.swift */; };
		8432227B1E1EC7A200122709 /* SKNode+Extensions.swift in Sources */ = {isa = PBXBuildFile; fileRef = 843222611E1EC7A200122709 /* SKNode+Extensions.swift */; };
		8432227C1E1EC7A200122709 /* SKNode+Extensions.swift in Sources */ = {isa = PBXBuildFile; fileRef = 843222611E1EC7A200122709 /* SKNode+Extensions.swift */; };
		8432227D1E1EC7A200122709 /* SKNode+Extensions.swift in Sources */ = {isa = PBXBuildFile; fileRef = 843222611E1EC7A200122709 /* SKNode+Extensions.swift */; };
		8432227E1E1EC7A200122709 /* SKTAudio.swift in Sources */ = {isa = PBXBuildFile; fileRef = 843222621E1EC7A200122709 /* SKTAudio.swift */; };
		8432227F1E1EC7A200122709 /* SKTAudio.swift in Sources */ = {isa = PBXBuildFile; fileRef = 843222621E1EC7A200122709 /* SKTAudio.swift */; };
		843222801E1EC7A200122709 /* SKTAudio.swift in Sources */ = {isa = PBXBuildFile; fileRef = 843222621E1EC7A200122709 /* SKTAudio.swift */; };
		843222811E1EC7A200122709 /* SKTEffects.swift in Sources */ = {isa = PBXBuildFile; fileRef = 843222631E1EC7A200122709 /* SKTEffects.swift */; };
		843222821E1EC7A200122709 /* SKTEffects.swift in Sources */ = {isa = PBXBuildFile; fileRef = 843222631E1EC7A200122709 /* SKTEffects.swift */; };
		843222831E1EC7A200122709 /* SKTEffects.swift in Sources */ = {isa = PBXBuildFile; fileRef = 843222631E1EC7A200122709 /* SKTEffects.swift */; };
		843222841E1EC7A200122709 /* SKTTimingFunctions.swift in Sources */ = {isa = PBXBuildFile; fileRef = 843222641E1EC7A200122709 /* SKTTimingFunctions.swift */; };
		843222851E1EC7A200122709 /* SKTTimingFunctions.swift in Sources */ = {isa = PBXBuildFile; fileRef = 843222641E1EC7A200122709 /* SKTTimingFunctions.swift */; };
		843222861E1EC7A200122709 /* SKTTimingFunctions.swift in Sources */ = {isa = PBXBuildFile; fileRef = 843222641E1EC7A200122709 /* SKTTimingFunctions.swift */; };
		843222871E1EC7A200122709 /* Vector3.swift in Sources */ = {isa = PBXBuildFile; fileRef = 843222651E1EC7A200122709 /* Vector3.swift */; };
		843222881E1EC7A200122709 /* Vector3.swift in Sources */ = {isa = PBXBuildFile; fileRef = 843222651E1EC7A200122709 /* Vector3.swift */; };
		843222891E1EC7A200122709 /* Vector3.swift in Sources */ = {isa = PBXBuildFile; fileRef = 843222651E1EC7A200122709 /* Vector3.swift */; };
		8456E90D1E20277E00345535 /* GameColorsExtension.swift in Sources */ = {isa = PBXBuildFile; fileRef = 8456E90C1E20277E00345535 /* GameColorsExtension.swift */; };
		8456E90E1E20277E00345535 /* GameColorsExtension.swift in Sources */ = {isa = PBXBuildFile; fileRef = 8456E90C1E20277E00345535 /* GameColorsExtension.swift */; };
		8456E90F1E20277E00345535 /* GameColorsExtension.swift in Sources */ = {isa = PBXBuildFile; fileRef = 8456E90C1E20277E00345535 /* GameColorsExtension.swift */; };
		846F28501E2963120040DB51 /* MultiLineLabel.swift in Sources */ = {isa = PBXBuildFile; fileRef = 846F284F1E2963120040DB51 /* MultiLineLabel.swift */; };
		846F28511E2963120040DB51 /* MultiLineLabel.swift in Sources */ = {isa = PBXBuildFile; fileRef = 846F284F1E2963120040DB51 /* MultiLineLabel.swift */; };
		846F28521E2963120040DB51 /* MultiLineLabel.swift in Sources */ = {isa = PBXBuildFile; fileRef = 846F284F1E2963120040DB51 /* MultiLineLabel.swift */; };
		847E52BA1E1EFD4E00412D24 /* BlackSpriteNode.swift in Sources */ = {isa = PBXBuildFile; fileRef = 847E52B91E1EFD4E00412D24 /* BlackSpriteNode.swift */; };
		847E52BB1E1EFD4E00412D24 /* BlackSpriteNode.swift in Sources */ = {isa = PBXBuildFile; fileRef = 847E52B91E1EFD4E00412D24 /* BlackSpriteNode.swift */; };
		847E52BC1E1EFD4E00412D24 /* BlackSpriteNode.swift in Sources */ = {isa = PBXBuildFile; fileRef = 847E52B91E1EFD4E00412D24 /* BlackSpriteNode.swift */; };
		849C3A1E1E1EB2BD0092225E /* Box.swift in Sources */ = {isa = PBXBuildFile; fileRef = 849C3A171E1EB2BD0092225E /* Box.swift */; };
		849C3A1F1E1EB2BD0092225E /* Box.swift in Sources */ = {isa = PBXBuildFile; fileRef = 849C3A171E1EB2BD0092225E /* Box.swift */; };
		849C3A201E1EB2BD0092225E /* Box.swift in Sources */ = {isa = PBXBuildFile; fileRef = 849C3A171E1EB2BD0092225E /* Box.swift */; };
		849C3A211E1EB2BD0092225E /* Button.swift in Sources */ = {isa = PBXBuildFile; fileRef = 849C3A181E1EB2BD0092225E /* Button.swift */; };
		849C3A221E1EB2BD0092225E /* Button.swift in Sources */ = {isa = PBXBuildFile; fileRef = 849C3A181E1EB2BD0092225E /* Button.swift */; };
		849C3A231E1EB2BD0092225E /* Button.swift in Sources */ = {isa = PBXBuildFile; fileRef = 849C3A181E1EB2BD0092225E /* Button.swift */; };
		849C3A241E1EB2BD0092225E /* Control.swift in Sources */ = {isa = PBXBuildFile; fileRef = 849C3A191E1EB2BD0092225E /* Control.swift */; };
		849C3A251E1EB2BD0092225E /* Control.swift in Sources */ = {isa = PBXBuildFile; fileRef = 849C3A191E1EB2BD0092225E /* Control.swift */; };
		849C3A261E1EB2BD0092225E /* Control.swift in Sources */ = {isa = PBXBuildFile; fileRef = 849C3A191E1EB2BD0092225E /* Control.swift */; };
		849C3A271E1EB2BD0092225E /* GameCamera.swift in Sources */ = {isa = PBXBuildFile; fileRef = 849C3A1A1E1EB2BD0092225E /* GameCamera.swift */; };
		849C3A281E1EB2BD0092225E /* GameCamera.swift in Sources */ = {isa = PBXBuildFile; fileRef = 849C3A1A1E1EB2BD0092225E /* GameCamera.swift */; };
		849C3A291E1EB2BD0092225E /* GameCamera.swift in Sources */ = {isa = PBXBuildFile; fileRef = 849C3A1A1E1EB2BD0092225E /* GameCamera.swift */; };
		849C3A2A1E1EB2BD0092225E /* GameColors.swift in Sources */ = {isa = PBXBuildFile; fileRef = 849C3A1B1E1EB2BD0092225E /* GameColors.swift */; };
		849C3A2B1E1EB2BD0092225E /* GameColors.swift in Sources */ = {isa = PBXBuildFile; fileRef = 849C3A1B1E1EB2BD0092225E /* GameColors.swift */; };
		849C3A2C1E1EB2BD0092225E /* GameColors.swift in Sources */ = {isa = PBXBuildFile; fileRef = 849C3A1B1E1EB2BD0092225E /* GameColors.swift */; };
		849C3A2D1E1EB2BD0092225E /* GameScene.swift in Sources */ = {isa = PBXBuildFile; fileRef = 849C3A1C1E1EB2BD0092225E /* GameScene.swift */; };
		849C3A2E1E1EB2BD0092225E /* GameScene.swift in Sources */ = {isa = PBXBuildFile; fileRef = 849C3A1C1E1EB2BD0092225E /* GameScene.swift */; };
		849C3A2F1E1EB2BD0092225E /* GameScene.swift in Sources */ = {isa = PBXBuildFile; fileRef = 849C3A1C1E1EB2BD0092225E /* GameScene.swift */; };
		849C3A301E1EB2BD0092225E /* Label.swift in Sources */ = {isa = PBXBuildFile; fileRef = 849C3A1D1E1EB2BD0092225E /* Label.swift */; };
		849C3A311E1EB2BD0092225E /* Label.swift in Sources */ = {isa = PBXBuildFile; fileRef = 849C3A1D1E1EB2BD0092225E /* Label.swift */; };
		849C3A321E1EB2BD0092225E /* Label.swift in Sources */ = {isa = PBXBuildFile; fileRef = 849C3A1D1E1EB2BD0092225E /* Label.swift */; };
		849C3A381E1EB37D0092225E /* LoadScene.swift in Sources */ = {isa = PBXBuildFile; fileRef = 849C3A371E1EB37D0092225E /* LoadScene.swift */; };
		849C3A391E1EB37D0092225E /* LoadScene.swift in Sources */ = {isa = PBXBuildFile; fileRef = 849C3A371E1EB37D0092225E /* LoadScene.swift */; };
		849C3A3A1E1EB37D0092225E /* LoadScene.swift in Sources */ = {isa = PBXBuildFile; fileRef = 849C3A371E1EB37D0092225E /* LoadScene.swift */; };
		849C3A3C1E1EBB1A0092225E /* MainMenuScene.swift in Sources */ = {isa = PBXBuildFile; fileRef = 849C3A3B1E1EBB1A0092225E /* MainMenuScene.swift */; };
		849C3A3D1E1EBB1A0092225E /* MainMenuScene.swift in Sources */ = {isa = PBXBuildFile; fileRef = 849C3A3B1E1EBB1A0092225E /* MainMenuScene.swift */; };
		849C3A3E1E1EBB1A0092225E /* MainMenuScene.swift in Sources */ = {isa = PBXBuildFile; fileRef = 849C3A3B1E1EBB1A0092225E /* MainMenuScene.swift */; };
		84AC1D6A1E1FFDE500305DD6 /* PlayerData.swift in Sources */ = {isa = PBXBuildFile; fileRef = 84AC1D661E1FFDE500305DD6 /* PlayerData.swift */; };
		84AC1D6B1E1FFDE500305DD6 /* PlayerData.swift in Sources */ = {isa = PBXBuildFile; fileRef = 84AC1D661E1FFDE500305DD6 /* PlayerData.swift */; };
		84AC1D6C1E1FFDE500305DD6 /* PlayerData.swift in Sources */ = {isa = PBXBuildFile; fileRef = 84AC1D661E1FFDE500305DD6 /* PlayerData.swift */; };
		84AC1D6E1E1FFE7500305DD6 /* MemoryCard.swift in Sources */ = {isa = PBXBuildFile; fileRef = 84AC1D6D1E1FFE7500305DD6 /* MemoryCard.swift */; };
		84AC1D6F1E1FFE7500305DD6 /* MemoryCard.swift in Sources */ = {isa = PBXBuildFile; fileRef = 84AC1D6D1E1FFE7500305DD6 /* MemoryCard.swift */; };
		84AC1D701E1FFE7500305DD6 /* MemoryCard.swift in Sources */ = {isa = PBXBuildFile; fileRef = 84AC1D6D1E1FFE7500305DD6 /* MemoryCard.swift */; };
		84AC1D7E1E201A7900305DD6 /* Model.xcdatamodeld in Sources */ = {isa = PBXBuildFile; fileRef = 84AC1D7C1E201A7900305DD6 /* Model.xcdatamodeld */; };
		84AC1D7F1E201A7900305DD6 /* Model.xcdatamodeld in Sources */ = {isa = PBXBuildFile; fileRef = 84AC1D7C1E201A7900305DD6 /* Model.xcdatamodeld */; };
		84AC1D801E201A7900305DD6 /* Model.xcdatamodeld in Sources */ = {isa = PBXBuildFile; fileRef = 84AC1D7C1E201A7900305DD6 /* Model.xcdatamodeld */; };
		84D586FD1E425CA00041BAAD /* ScrollNode.swift in Sources */ = {isa = PBXBuildFile; fileRef = 84D586FC1E425CA00041BAAD /* ScrollNode.swift */; };
		84D586FE1E425CA00041BAAD /* ScrollNode.swift in Sources */ = {isa = PBXBuildFile; fileRef = 84D586FC1E425CA00041BAAD /* ScrollNode.swift */; };
		84D586FF1E425CA00041BAAD /* ScrollNode.swift in Sources */ = {isa = PBXBuildFile; fileRef = 84D586FC1E425CA00041BAAD /* ScrollNode.swift */; };
		84E06AFC1E1EAEF100AD72F0 /* AppDelegate.swift in Sources */ = {isa = PBXBuildFile; fileRef = 84E06AFB1E1EAEF100AD72F0 /* AppDelegate.swift */; };
		84E06AFE1E1EAEF100AD72F0 /* GameViewController.swift in Sources */ = {isa = PBXBuildFile; fileRef = 84E06AFD1E1EAEF100AD72F0 /* GameViewController.swift */; };
		84E06B011E1EAEF100AD72F0 /* Main.storyboard in Resources */ = {isa = PBXBuildFile; fileRef = 84E06AFF1E1EAEF100AD72F0 /* Main.storyboard */; };
		84E06B041E1EAEF100AD72F0 /* LaunchScreen.storyboard in Resources */ = {isa = PBXBuildFile; fileRef = 84E06B021E1EAEF100AD72F0 /* LaunchScreen.storyboard */; };
		84E06B091E1EAEF100AD72F0 /* Hydra.app in Embed Watch Content */ = {isa = PBXBuildFile; fileRef = 84E06B081E1EAEF100AD72F0 /* Hydra.app */; };
		84E06B0F1E1EAEF100AD72F0 /* Interface.storyboard in Resources */ = {isa = PBXBuildFile; fileRef = 84E06B0D1E1EAEF100AD72F0 /* Interface.storyboard */; };
		84E06B161E1EAEF100AD72F0 /* Hydra Extension.appex in Embed App Extensions */ = {isa = PBXBuildFile; fileRef = 84E06B151E1EAEF100AD72F0 /* Hydra Extension.appex */; settings = {ATTRIBUTES = (RemoveHeadersOnCopy, ); }; };
		84E06B1B1E1EAEF100AD72F0 /* InterfaceController.swift in Sources */ = {isa = PBXBuildFile; fileRef = 84E06B1A1E1EAEF100AD72F0 /* InterfaceController.swift */; };
		84E06B1D1E1EAEF100AD72F0 /* ExtensionDelegate.swift in Sources */ = {isa = PBXBuildFile; fileRef = 84E06B1C1E1EAEF100AD72F0 /* ExtensionDelegate.swift */; };
		84E06B261E1EAEF100AD72F0 /* AppDelegate.swift in Sources */ = {isa = PBXBuildFile; fileRef = 84E06B251E1EAEF100AD72F0 /* AppDelegate.swift */; };
		84E06B281E1EAEF100AD72F0 /* GameViewController.swift in Sources */ = {isa = PBXBuildFile; fileRef = 84E06B271E1EAEF100AD72F0 /* GameViewController.swift */; };
		84E06B2B1E1EAEF100AD72F0 /* Main.storyboard in Resources */ = {isa = PBXBuildFile; fileRef = 84E06B291E1EAEF100AD72F0 /* Main.storyboard */; };
		84E06B341E1EAEF100AD72F0 /* AppDelegate.swift in Sources */ = {isa = PBXBuildFile; fileRef = 84E06B331E1EAEF100AD72F0 /* AppDelegate.swift */; };
		84E06B361E1EAEF100AD72F0 /* GameViewController.swift in Sources */ = {isa = PBXBuildFile; fileRef = 84E06B351E1EAEF100AD72F0 /* GameViewController.swift */; };
		84E06B391E1EAEF100AD72F0 /* Main.storyboard in Resources */ = {isa = PBXBuildFile; fileRef = 84E06B371E1EAEF100AD72F0 /* Main.storyboard */; };
		84E06B461E1EAEF100AD72F0 /* Assets.xcassets in Resources */ = {isa = PBXBuildFile; fileRef = 84E06AF31E1EAEF100AD72F0 /* Assets.xcassets */; };
		84E06B471E1EAEF100AD72F0 /* Assets.xcassets in Resources */ = {isa = PBXBuildFile; fileRef = 84E06AF31E1EAEF100AD72F0 /* Assets.xcassets */; };
		84E06B481E1EAEF100AD72F0 /* Assets.xcassets in Resources */ = {isa = PBXBuildFile; fileRef = 84E06AF31E1EAEF100AD72F0 /* Assets.xcassets */; };
		84E06B491E1EAEF100AD72F0 /* Assets.xcassets in Resources */ = {isa = PBXBuildFile; fileRef = 84E06AF31E1EAEF100AD72F0 /* Assets.xcassets */; };
		84F21FDE1E4B7C6C00B2CC58 /* Event.swift in Sources */ = {isa = PBXBuildFile; fileRef = 84F21FDD1E4B7C6C00B2CC58 /* Event.swift */; };
		84F21FDF1E4B7C6C00B2CC58 /* Event.swift in Sources */ = {isa = PBXBuildFile; fileRef = 84F21FDD1E4B7C6C00B2CC58 /* Event.swift */; };
		84F21FE01E4B7C6C00B2CC58 /* Event.swift in Sources */ = {isa = PBXBuildFile; fileRef = 84F21FDD1E4B7C6C00B2CC58 /* Event.swift */; };
		84F364391E1EF813000ECC8B /* CustomBox.swift in Sources */ = {isa = PBXBuildFile; fileRef = 84F364381E1EF813000ECC8B /* CustomBox.swift */; };
		84F3643A1E1EF813000ECC8B /* CustomBox.swift in Sources */ = {isa = PBXBuildFile; fileRef = 84F364381E1EF813000ECC8B /* CustomBox.swift */; };
		84F3643B1E1EF813000ECC8B /* CustomBox.swift in Sources */ = {isa = PBXBuildFile; fileRef = 84F364381E1EF813000ECC8B /* CustomBox.swift */; };
		84FA03F91E1ECE3D004AE7C5 /* kenpixel.ttf in Resources */ = {isa = PBXBuildFile; fileRef = 84FA03F81E1ECE3D004AE7C5 /* kenpixel.ttf */; };
		84FA03FA1E1ECE3D004AE7C5 /* kenpixel.ttf in Resources */ = {isa = PBXBuildFile; fileRef = 84FA03F81E1ECE3D004AE7C5 /* kenpixel.ttf */; };
		84FA03FB1E1ECE3D004AE7C5 /* kenpixel.ttf in Resources */ = {isa = PBXBuildFile; fileRef = 84FA03F81E1ECE3D004AE7C5 /* kenpixel.ttf */; };
/* End PBXBuildFile section */

/* Begin PBXContainerItemProxy section */
		84E06B0A1E1EAEF100AD72F0 /* PBXContainerItemProxy */ = {
			isa = PBXContainerItemProxy;
			containerPortal = 84E06AEB1E1EAEF100AD72F0 /* Project object */;
			proxyType = 1;
			remoteGlobalIDString = 84E06B071E1EAEF100AD72F0;
			remoteInfo = "watchOS App";
		};
		84E06B171E1EAEF100AD72F0 /* PBXContainerItemProxy */ = {
			isa = PBXContainerItemProxy;
			containerPortal = 84E06AEB1E1EAEF100AD72F0 /* Project object */;
			proxyType = 1;
			remoteGlobalIDString = 84E06B141E1EAEF100AD72F0;
			remoteInfo = "watchOS Extension";
		};
/* End PBXContainerItemProxy section */

/* Begin PBXCopyFilesBuildPhase section */
		84E06B4F1E1EAEF100AD72F0 /* Embed App Extensions */ = {
			isa = PBXCopyFilesBuildPhase;
			buildActionMask = 2147483647;
			dstPath = "";
			dstSubfolderSpec = 13;
			files = (
				84E06B161E1EAEF100AD72F0 /* Hydra Extension.appex in Embed App Extensions */,
			);
			name = "Embed App Extensions";
			runOnlyForDeploymentPostprocessing = 0;
		};
		84E06B531E1EAEF100AD72F0 /* Embed Watch Content */ = {
			isa = PBXCopyFilesBuildPhase;
			buildActionMask = 2147483647;
			dstPath = "$(CONTENTS_FOLDER_PATH)/Watch";
			dstSubfolderSpec = 16;
			files = (
				84E06B091E1EAEF100AD72F0 /* Hydra.app in Embed Watch Content */,
			);
			name = "Embed Watch Content";
			runOnlyForDeploymentPostprocessing = 0;
		};
/* End PBXCopyFilesBuildPhase section */

/* Begin PBXFileReference section */
		8425F6041E317D9200A8E1B5 /* ServerManager.swift */ = {isa = PBXFileReference; fileEncoding = 4; lastKnownFileType = sourcecode.swift; path = ServerManager.swift; sourceTree = "<group>"; };
		842DD3EF1E2035F700FCABFB /* Metrics.swift */ = {isa = PBXFileReference; fileEncoding = 4; lastKnownFileType = sourcecode.swift; path = Metrics.swift; sourceTree = "<group>"; };
		8432225A1E1EC7A200122709 /* CGFloat+Extensions.swift */ = {isa = PBXFileReference; fileEncoding = 4; lastKnownFileType = sourcecode.swift; name = "CGFloat+Extensions.swift"; path = "../../SKTUtils/SKTUtils/CGFloat+Extensions.swift"; sourceTree = SOURCE_ROOT; };
		8432225B1E1EC7A200122709 /* CGPoint+Extensions.swift */ = {isa = PBXFileReference; fileEncoding = 4; lastKnownFileType = sourcecode.swift; name = "CGPoint+Extensions.swift"; path = "../../SKTUtils/SKTUtils/CGPoint+Extensions.swift"; sourceTree = SOURCE_ROOT; };
		8432225C1E1EC7A200122709 /* CGVector+Extensions.swift */ = {isa = PBXFileReference; fileEncoding = 4; lastKnownFileType = sourcecode.swift; name = "CGVector+Extensions.swift"; path = "../../SKTUtils/SKTUtils/CGVector+Extensions.swift"; sourceTree = SOURCE_ROOT; };
		8432225D1E1EC7A200122709 /* Int+Extensions.swift */ = {isa = PBXFileReference; fileEncoding = 4; lastKnownFileType = sourcecode.swift; name = "Int+Extensions.swift"; path = "../../SKTUtils/SKTUtils/Int+Extensions.swift"; sourceTree = SOURCE_ROOT; };
		8432225E1E1EC7A200122709 /* SKAction+Extensions.swift */ = {isa = PBXFileReference; fileEncoding = 4; lastKnownFileType = sourcecode.swift; name = "SKAction+Extensions.swift"; path = "../../SKTUtils/SKTUtils/SKAction+Extensions.swift"; sourceTree = SOURCE_ROOT; };
		8432225F1E1EC7A200122709 /* SKAction+SpecialEffects.swift */ = {isa = PBXFileReference; fileEncoding = 4; lastKnownFileType = sourcecode.swift; name = "SKAction+SpecialEffects.swift"; path = "../../SKTUtils/SKTUtils/SKAction+SpecialEffects.swift"; sourceTree = SOURCE_ROOT; };
		843222601E1EC7A200122709 /* SKColor+Extensions.swift */ = {isa = PBXFileReference; fileEncoding = 4; lastKnownFileType = sourcecode.swift; name = "SKColor+Extensions.swift"; path = "../../SKTUtils/SKTUtils/SKColor+Extensions.swift"; sourceTree = SOURCE_ROOT; };
		843222611E1EC7A200122709 /* SKNode+Extensions.swift */ = {isa = PBXFileReference; fileEncoding = 4; lastKnownFileType = sourcecode.swift; name = "SKNode+Extensions.swift"; path = "../../SKTUtils/SKTUtils/SKNode+Extensions.swift"; sourceTree = SOURCE_ROOT; };
		843222621E1EC7A200122709 /* SKTAudio.swift */ = {isa = PBXFileReference; fileEncoding = 4; lastKnownFileType = sourcecode.swift; name = SKTAudio.swift; path = ../../SKTUtils/SKTUtils/SKTAudio.swift; sourceTree = SOURCE_ROOT; };
		843222631E1EC7A200122709 /* SKTEffects.swift */ = {isa = PBXFileReference; fileEncoding = 4; lastKnownFileType = sourcecode.swift; name = SKTEffects.swift; path = ../../SKTUtils/SKTUtils/SKTEffects.swift; sourceTree = SOURCE_ROOT; };
		843222641E1EC7A200122709 /* SKTTimingFunctions.swift */ = {isa = PBXFileReference; fileEncoding = 4; lastKnownFileType = sourcecode.swift; name = SKTTimingFunctions.swift; path = ../../SKTUtils/SKTUtils/SKTTimingFunctions.swift; sourceTree = SOURCE_ROOT; };
		843222651E1EC7A200122709 /* Vector3.swift */ = {isa = PBXFileReference; fileEncoding = 4; lastKnownFileType = sourcecode.swift; name = Vector3.swift; path = ../../SKTUtils/SKTUtils/Vector3.swift; sourceTree = SOURCE_ROOT; };
		8456E90C1E20277E00345535 /* GameColorsExtension.swift */ = {isa = PBXFileReference; fileEncoding = 4; lastKnownFileType = sourcecode.swift; path = GameColorsExtension.swift; sourceTree = "<group>"; };
		8456F1EC1E20720D00BFE39A /* Hydra.entitlements */ = {isa = PBXFileReference; lastKnownFileType = text.plist.entitlements; path = Hydra.entitlements; sourceTree = "<group>"; };
		846F284F1E2963120040DB51 /* MultiLineLabel.swift */ = {isa = PBXFileReference; fileEncoding = 4; lastKnownFileType = sourcecode.swift; path = MultiLineLabel.swift; sourceTree = "<group>"; };
		847E52B91E1EFD4E00412D24 /* BlackSpriteNode.swift */ = {isa = PBXFileReference; fileEncoding = 4; lastKnownFileType = sourcecode.swift; path = BlackSpriteNode.swift; sourceTree = "<group>"; };
		849C3A171E1EB2BD0092225E /* Box.swift */ = {isa = PBXFileReference; fileEncoding = 4; lastKnownFileType = sourcecode.swift; path = Box.swift; sourceTree = "<group>"; };
		849C3A181E1EB2BD0092225E /* Button.swift */ = {isa = PBXFileReference; fileEncoding = 4; lastKnownFileType = sourcecode.swift; path = Button.swift; sourceTree = "<group>"; };
		849C3A191E1EB2BD0092225E /* Control.swift */ = {isa = PBXFileReference; fileEncoding = 4; lastKnownFileType = sourcecode.swift; path = Control.swift; sourceTree = "<group>"; };
		849C3A1A1E1EB2BD0092225E /* GameCamera.swift */ = {isa = PBXFileReference; fileEncoding = 4; lastKnownFileType = sourcecode.swift; path = GameCamera.swift; sourceTree = "<group>"; };
		849C3A1B1E1EB2BD0092225E /* GameColors.swift */ = {isa = PBXFileReference; fileEncoding = 4; lastKnownFileType = sourcecode.swift; path = GameColors.swift; sourceTree = "<group>"; };
		849C3A1C1E1EB2BD0092225E /* GameScene.swift */ = {isa = PBXFileReference; fileEncoding = 4; lastKnownFileType = sourcecode.swift; path = GameScene.swift; sourceTree = "<group>"; };
		849C3A1D1E1EB2BD0092225E /* Label.swift */ = {isa = PBXFileReference; fileEncoding = 4; lastKnownFileType = sourcecode.swift; path = Label.swift; sourceTree = "<group>"; };
		849C3A371E1EB37D0092225E /* LoadScene.swift */ = {isa = PBXFileReference; fileEncoding = 4; lastKnownFileType = sourcecode.swift; path = LoadScene.swift; sourceTree = "<group>"; };
		849C3A3B1E1EBB1A0092225E /* MainMenuScene.swift */ = {isa = PBXFileReference; fileEncoding = 4; lastKnownFileType = sourcecode.swift; path = MainMenuScene.swift; sourceTree = "<group>"; };
		84AC1D661E1FFDE500305DD6 /* PlayerData.swift */ = {isa = PBXFileReference; fileEncoding = 4; lastKnownFileType = sourcecode.swift; path = PlayerData.swift; sourceTree = "<group>"; };
		84AC1D6D1E1FFE7500305DD6 /* MemoryCard.swift */ = {isa = PBXFileReference; fileEncoding = 4; lastKnownFileType = sourcecode.swift; path = MemoryCard.swift; sourceTree = "<group>"; };
		84AC1D7D1E201A7900305DD6 /* Model.xcdatamodel */ = {isa = PBXFileReference; lastKnownFileType = wrapper.xcdatamodel; path = Model.xcdatamodel; sourceTree = "<group>"; };
		84D586FC1E425CA00041BAAD /* ScrollNode.swift */ = {isa = PBXFileReference; fileEncoding = 4; lastKnownFileType = sourcecode.swift; path = ScrollNode.swift; sourceTree = "<group>"; };
		84E06AF31E1EAEF100AD72F0 /* Assets.xcassets */ = {isa = PBXFileReference; lastKnownFileType = folder.assetcatalog; path = Assets.xcassets; sourceTree = "<group>"; };
		84E06AF81E1EAEF100AD72F0 /* Hydra.app */ = {isa = PBXFileReference; explicitFileType = wrapper.application; includeInIndex = 0; path = Hydra.app; sourceTree = BUILT_PRODUCTS_DIR; };
		84E06AFB1E1EAEF100AD72F0 /* AppDelegate.swift */ = {isa = PBXFileReference; lastKnownFileType = sourcecode.swift; path = AppDelegate.swift; sourceTree = "<group>"; };
		84E06AFD1E1EAEF100AD72F0 /* GameViewController.swift */ = {isa = PBXFileReference; lastKnownFileType = sourcecode.swift; path = GameViewController.swift; sourceTree = "<group>"; };
		84E06B001E1EAEF100AD72F0 /* Base */ = {isa = PBXFileReference; lastKnownFileType = file.storyboard; name = Base; path = Base.lproj/Main.storyboard; sourceTree = "<group>"; };
		84E06B031E1EAEF100AD72F0 /* Base */ = {isa = PBXFileReference; lastKnownFileType = file.storyboard; name = Base; path = Base.lproj/LaunchScreen.storyboard; sourceTree = "<group>"; };
		84E06B051E1EAEF100AD72F0 /* Info.plist */ = {isa = PBXFileReference; lastKnownFileType = text.plist.xml; path = Info.plist; sourceTree = "<group>"; };
		84E06B081E1EAEF100AD72F0 /* Hydra.app */ = {isa = PBXFileReference; explicitFileType = wrapper.application; includeInIndex = 0; path = Hydra.app; sourceTree = BUILT_PRODUCTS_DIR; };
		84E06B0E1E1EAEF100AD72F0 /* Base */ = {isa = PBXFileReference; lastKnownFileType = file.storyboard; name = Base; path = Base.lproj/Interface.storyboard; sourceTree = "<group>"; };
		84E06B101E1EAEF100AD72F0 /* Info.plist */ = {isa = PBXFileReference; lastKnownFileType = text.plist.xml; path = Info.plist; sourceTree = "<group>"; };
		84E06B151E1EAEF100AD72F0 /* Hydra Extension.appex */ = {isa = PBXFileReference; explicitFileType = "wrapper.app-extension"; includeInIndex = 0; path = "Hydra Extension.appex"; sourceTree = BUILT_PRODUCTS_DIR; };
		84E06B1A1E1EAEF100AD72F0 /* InterfaceController.swift */ = {isa = PBXFileReference; lastKnownFileType = sourcecode.swift; path = InterfaceController.swift; sourceTree = "<group>"; };
		84E06B1C1E1EAEF100AD72F0 /* ExtensionDelegate.swift */ = {isa = PBXFileReference; lastKnownFileType = sourcecode.swift; path = ExtensionDelegate.swift; sourceTree = "<group>"; };
		84E06B1E1E1EAEF100AD72F0 /* Info.plist */ = {isa = PBXFileReference; lastKnownFileType = text.plist.xml; path = Info.plist; sourceTree = "<group>"; };
		84E06B231E1EAEF100AD72F0 /* Hydra.app */ = {isa = PBXFileReference; explicitFileType = wrapper.application; includeInIndex = 0; path = Hydra.app; sourceTree = BUILT_PRODUCTS_DIR; };
		84E06B251E1EAEF100AD72F0 /* AppDelegate.swift */ = {isa = PBXFileReference; lastKnownFileType = sourcecode.swift; path = AppDelegate.swift; sourceTree = "<group>"; };
		84E06B271E1EAEF100AD72F0 /* GameViewController.swift */ = {isa = PBXFileReference; lastKnownFileType = sourcecode.swift; path = GameViewController.swift; sourceTree = "<group>"; };
		84E06B2A1E1EAEF100AD72F0 /* Base */ = {isa = PBXFileReference; lastKnownFileType = file.storyboard; name = Base; path = Base.lproj/Main.storyboard; sourceTree = "<group>"; };
		84E06B2C1E1EAEF100AD72F0 /* Info.plist */ = {isa = PBXFileReference; lastKnownFileType = text.plist.xml; path = Info.plist; sourceTree = "<group>"; };
		84E06B311E1EAEF100AD72F0 /* Hydra.app */ = {isa = PBXFileReference; explicitFileType = wrapper.application; includeInIndex = 0; path = Hydra.app; sourceTree = BUILT_PRODUCTS_DIR; };
		84E06B331E1EAEF100AD72F0 /* AppDelegate.swift */ = {isa = PBXFileReference; lastKnownFileType = sourcecode.swift; path = AppDelegate.swift; sourceTree = "<group>"; };
		84E06B351E1EAEF100AD72F0 /* GameViewController.swift */ = {isa = PBXFileReference; lastKnownFileType = sourcecode.swift; path = GameViewController.swift; sourceTree = "<group>"; };
		84E06B381E1EAEF100AD72F0 /* Base */ = {isa = PBXFileReference; lastKnownFileType = file.storyboard; name = Base; path = Base.lproj/Main.storyboard; sourceTree = "<group>"; };
		84E06B3A1E1EAEF100AD72F0 /* Info.plist */ = {isa = PBXFileReference; lastKnownFileType = text.plist.xml; path = Info.plist; sourceTree = "<group>"; };
		84F21FDD1E4B7C6C00B2CC58 /* Event.swift */ = {isa = PBXFileReference; fileEncoding = 4; lastKnownFileType = sourcecode.swift; path = Event.swift; sourceTree = "<group>"; };
		84F364381E1EF813000ECC8B /* CustomBox.swift */ = {isa = PBXFileReference; fileEncoding = 4; lastKnownFileType = sourcecode.swift; path = CustomBox.swift; sourceTree = "<group>"; };
		84FA03F81E1ECE3D004AE7C5 /* kenpixel.ttf */ = {isa = PBXFileReference; lastKnownFileType = file; path = kenpixel.ttf; sourceTree = "<group>"; };
/* End PBXFileReference section */

/* Begin PBXFrameworksBuildPhase section */
		84E06AF51E1EAEF100AD72F0 /* Frameworks */ = {
			isa = PBXFrameworksBuildPhase;
			buildActionMask = 2147483647;
			files = (
			);
			runOnlyForDeploymentPostprocessing = 0;
		};
		84E06B121E1EAEF100AD72F0 /* Frameworks */ = {
			isa = PBXFrameworksBuildPhase;
			buildActionMask = 2147483647;
			files = (
			);
			runOnlyForDeploymentPostprocessing = 0;
		};
		84E06B201E1EAEF100AD72F0 /* Frameworks */ = {
			isa = PBXFrameworksBuildPhase;
			buildActionMask = 2147483647;
			files = (
			);
			runOnlyForDeploymentPostprocessing = 0;
		};
		84E06B2E1E1EAEF100AD72F0 /* Frameworks */ = {
			isa = PBXFrameworksBuildPhase;
			buildActionMask = 2147483647;
			files = (
			);
			runOnlyForDeploymentPostprocessing = 0;
		};
/* End PBXFrameworksBuildPhase section */

/* Begin PBXGroup section */
		8476054C1E1FF9A40011BFB8 /* CoreData */ = {
			isa = PBXGroup;
			children = (
				84AC1D6D1E1FFE7500305DD6 /* MemoryCard.swift */,
				84AC1D661E1FFDE500305DD6 /* PlayerData.swift */,
				84AC1D7C1E201A7900305DD6 /* Model.xcdatamodeld */,
			);
			path = CoreData;
			sourceTree = "<group>";
		};
		849C3A151E1EB26A0092225E /* Frameworks */ = {
			isa = PBXGroup;
			children = (
				849C3A161E1EB2780092225E /* Hydra */,
				849C3A3F1E1EC0760092225E /* SKTUtils */,
			);
			path = Frameworks;
			sourceTree = "<group>";
		};
		849C3A161E1EB2780092225E /* Hydra */ = {
			isa = PBXGroup;
			children = (
				847E52B91E1EFD4E00412D24 /* BlackSpriteNode.swift */,
				849C3A171E1EB2BD0092225E /* Box.swift */,
				849C3A181E1EB2BD0092225E /* Button.swift */,
				849C3A191E1EB2BD0092225E /* Control.swift */,
				84F21FDD1E4B7C6C00B2CC58 /* Event.swift */,
				849C3A1A1E1EB2BD0092225E /* GameCamera.swift */,
				849C3A1B1E1EB2BD0092225E /* GameColors.swift */,
				849C3A1C1E1EB2BD0092225E /* GameScene.swift */,
				849C3A1D1E1EB2BD0092225E /* Label.swift */,
				846F284F1E2963120040DB51 /* MultiLineLabel.swift */,
				84D586FC1E425CA00041BAAD /* ScrollNode.swift */,
				8425F6041E317D9200A8E1B5 /* ServerManager.swift */,
			);
			path = Hydra;
			sourceTree = "<group>";
		};
		849C3A331E1EB3000092225E /* Fonts */ = {
			isa = PBXGroup;
			children = (
				84FA03F81E1ECE3D004AE7C5 /* kenpixel.ttf */,
			);
			path = Fonts;
			sourceTree = "<group>";
		};
		849C3A351E1EB3210092225E /* Game */ = {
			isa = PBXGroup;
			children = (
				84F364381E1EF813000ECC8B /* CustomBox.swift */,
				8456E90C1E20277E00345535 /* GameColorsExtension.swift */,
				842DD3EF1E2035F700FCABFB /* Metrics.swift */,
			);
			path = Game;
			sourceTree = "<group>";
		};
		849C3A361E1EB3350092225E /* Scenes */ = {
			isa = PBXGroup;
			children = (
				849C3A371E1EB37D0092225E /* LoadScene.swift */,
				849C3A3B1E1EBB1A0092225E /* MainMenuScene.swift */,
			);
			path = Scenes;
			sourceTree = "<group>";
		};
		849C3A3F1E1EC0760092225E /* SKTUtils */ = {
			isa = PBXGroup;
			children = (
				8432225A1E1EC7A200122709 /* CGFloat+Extensions.swift */,
				8432225B1E1EC7A200122709 /* CGPoint+Extensions.swift */,
				8432225C1E1EC7A200122709 /* CGVector+Extensions.swift */,
				8432225D1E1EC7A200122709 /* Int+Extensions.swift */,
				8432225E1E1EC7A200122709 /* SKAction+Extensions.swift */,
				8432225F1E1EC7A200122709 /* SKAction+SpecialEffects.swift */,
				843222601E1EC7A200122709 /* SKColor+Extensions.swift */,
				843222611E1EC7A200122709 /* SKNode+Extensions.swift */,
				843222621E1EC7A200122709 /* SKTAudio.swift */,
				843222631E1EC7A200122709 /* SKTEffects.swift */,
				843222641E1EC7A200122709 /* SKTTimingFunctions.swift */,
				843222651E1EC7A200122709 /* Vector3.swift */,
			);
			name = SKTUtils;
			sourceTree = "<group>";
		};
		84E06AEA1E1EAEF100AD72F0 = {
			isa = PBXGroup;
			children = (
				849C3A151E1EB26A0092225E /* Frameworks */,
				84E06AEF1E1EAEF100AD72F0 /* Shared */,
				84E06AFA1E1EAEF100AD72F0 /* iOS */,
				84E06B0C1E1EAEF100AD72F0 /* watchOS App */,
				84E06B191E1EAEF100AD72F0 /* watchOS Extension */,
				84E06B241E1EAEF100AD72F0 /* tvOS */,
				84E06B321E1EAEF100AD72F0 /* macOS */,
				84E06AF91E1EAEF100AD72F0 /* Products */,
			);
			sourceTree = "<group>";
		};
		84E06AEF1E1EAEF100AD72F0 /* Shared */ = {
			isa = PBXGroup;
			children = (
				84E06AF31E1EAEF100AD72F0 /* Assets.xcassets */,
				8476054C1E1FF9A40011BFB8 /* CoreData */,
				849C3A331E1EB3000092225E /* Fonts */,
				849C3A351E1EB3210092225E /* Game */,
				849C3A361E1EB3350092225E /* Scenes */,
			);
			path = Shared;
			sourceTree = "<group>";
		};
		84E06AF91E1EAEF100AD72F0 /* Products */ = {
			isa = PBXGroup;
			children = (
				84E06AF81E1EAEF100AD72F0 /* Hydra.app */,
				84E06B081E1EAEF100AD72F0 /* Hydra.app */,
				84E06B151E1EAEF100AD72F0 /* Hydra Extension.appex */,
				84E06B231E1EAEF100AD72F0 /* Hydra.app */,
				84E06B311E1EAEF100AD72F0 /* Hydra.app */,
			);
			name = Products;
			sourceTree = "<group>";
		};
		84E06AFA1E1EAEF100AD72F0 /* iOS */ = {
			isa = PBXGroup;
			children = (
				8456F1EC1E20720D00BFE39A /* Hydra.entitlements */,
				84E06B051E1EAEF100AD72F0 /* Info.plist */,
				84E06AFB1E1EAEF100AD72F0 /* AppDelegate.swift */,
				84E06AFD1E1EAEF100AD72F0 /* GameViewController.swift */,
				84E06B021E1EAEF100AD72F0 /* LaunchScreen.storyboard */,
				84E06AFF1E1EAEF100AD72F0 /* Main.storyboard */,
			);
			path = iOS;
			sourceTree = "<group>";
		};
		84E06B0C1E1EAEF100AD72F0 /* watchOS App */ = {
			isa = PBXGroup;
			children = (
				84E06B101E1EAEF100AD72F0 /* Info.plist */,
				84E06B0D1E1EAEF100AD72F0 /* Interface.storyboard */,
			);
			path = "watchOS App";
			sourceTree = "<group>";
		};
		84E06B191E1EAEF100AD72F0 /* watchOS Extension */ = {
			isa = PBXGroup;
			children = (
				84E06B1E1E1EAEF100AD72F0 /* Info.plist */,
				84E06B1C1E1EAEF100AD72F0 /* ExtensionDelegate.swift */,
				84E06B1A1E1EAEF100AD72F0 /* InterfaceController.swift */,
			);
			path = "watchOS Extension";
			sourceTree = "<group>";
		};
		84E06B241E1EAEF100AD72F0 /* tvOS */ = {
			isa = PBXGroup;
			children = (
				84E06B2C1E1EAEF100AD72F0 /* Info.plist */,
				84E06B251E1EAEF100AD72F0 /* AppDelegate.swift */,
				84E06B271E1EAEF100AD72F0 /* GameViewController.swift */,
				84E06B291E1EAEF100AD72F0 /* Main.storyboard */,
			);
			path = tvOS;
			sourceTree = "<group>";
		};
		84E06B321E1EAEF100AD72F0 /* macOS */ = {
			isa = PBXGroup;
			children = (
				84E06B3A1E1EAEF100AD72F0 /* Info.plist */,
				84E06B331E1EAEF100AD72F0 /* AppDelegate.swift */,
				84E06B351E1EAEF100AD72F0 /* GameViewController.swift */,
				84E06B371E1EAEF100AD72F0 /* Main.storyboard */,
			);
			path = macOS;
			sourceTree = "<group>";
		};
/* End PBXGroup section */

/* Begin PBXNativeTarget section */
		84E06AF71E1EAEF100AD72F0 /* iOS */ = {
			isa = PBXNativeTarget;
			buildConfigurationList = 84E06B541E1EAEF100AD72F0 /* Build configuration list for PBXNativeTarget "iOS" */;
			buildPhases = (
				84E06AF41E1EAEF100AD72F0 /* Sources */,
				84E06AF51E1EAEF100AD72F0 /* Frameworks */,
				84E06AF61E1EAEF100AD72F0 /* Resources */,
				84E06B531E1EAEF100AD72F0 /* Embed Watch Content */,
				842DD3E41E20297400FCABFB /* ShellScript */,
			);
			buildRules = (
			);
			dependencies = (
				84E06B0B1E1EAEF100AD72F0 /* PBXTargetDependency */,
			);
			name = iOS;
			productName = iOS;
			productReference = 84E06AF81E1EAEF100AD72F0 /* Hydra.app */;
			productType = "com.apple.product-type.application";
		};
		84E06B071E1EAEF100AD72F0 /* watchOS App */ = {
			isa = PBXNativeTarget;
			buildConfigurationList = 84E06B501E1EAEF100AD72F0 /* Build configuration list for PBXNativeTarget "watchOS App" */;
			buildPhases = (
				84E06B061E1EAEF100AD72F0 /* Resources */,
				84E06B4F1E1EAEF100AD72F0 /* Embed App Extensions */,
				8456F1ED1E20723B00BFE39A /* ShellScript */,
			);
			buildRules = (
			);
			dependencies = (
				84E06B181E1EAEF100AD72F0 /* PBXTargetDependency */,
			);
			name = "watchOS App";
			productName = "watchOS App";
			productReference = 84E06B081E1EAEF100AD72F0 /* Hydra.app */;
			productType = "com.apple.product-type.application.watchapp2";
		};
		84E06B141E1EAEF100AD72F0 /* watchOS Extension */ = {
			isa = PBXNativeTarget;
			buildConfigurationList = 84E06B4C1E1EAEF100AD72F0 /* Build configuration list for PBXNativeTarget "watchOS Extension" */;
			buildPhases = (
				84E06B111E1EAEF100AD72F0 /* Sources */,
				84E06B121E1EAEF100AD72F0 /* Frameworks */,
				84E06B131E1EAEF100AD72F0 /* Resources */,
			);
			buildRules = (
			);
			dependencies = (
			);
			name = "watchOS Extension";
			productName = "watchOS Extension";
			productReference = 84E06B151E1EAEF100AD72F0 /* Hydra Extension.appex */;
			productType = "com.apple.product-type.watchkit2-extension";
		};
		84E06B221E1EAEF100AD72F0 /* tvOS */ = {
			isa = PBXNativeTarget;
			buildConfigurationList = 84E06B571E1EAEF100AD72F0 /* Build configuration list for PBXNativeTarget "tvOS" */;
			buildPhases = (
				84E06B1F1E1EAEF100AD72F0 /* Sources */,
				84E06B201E1EAEF100AD72F0 /* Frameworks */,
				84E06B211E1EAEF100AD72F0 /* Resources */,
			);
			buildRules = (
			);
			dependencies = (
			);
			name = tvOS;
			productName = tvOS;
			productReference = 84E06B231E1EAEF100AD72F0 /* Hydra.app */;
			productType = "com.apple.product-type.application";
		};
		84E06B301E1EAEF100AD72F0 /* macOS */ = {
			isa = PBXNativeTarget;
			buildConfigurationList = 84E06B5A1E1EAEF100AD72F0 /* Build configuration list for PBXNativeTarget "macOS" */;
			buildPhases = (
				84E06B2D1E1EAEF100AD72F0 /* Sources */,
				84E06B2E1E1EAEF100AD72F0 /* Frameworks */,
				84E06B2F1E1EAEF100AD72F0 /* Resources */,
			);
			buildRules = (
			);
			dependencies = (
			);
			name = macOS;
			productName = macOS;
			productReference = 84E06B311E1EAEF100AD72F0 /* Hydra.app */;
			productType = "com.apple.product-type.application";
		};
/* End PBXNativeTarget section */

/* Begin PBXProject section */
		84E06AEB1E1EAEF100AD72F0 /* Project object */ = {
			isa = PBXProject;
			attributes = {
				LastSwiftUpdateCheck = 0820;
				LastUpgradeCheck = 0820;
				ORGANIZATIONNAME = PabloHenri91;
				TargetAttributes = {
					84E06AF71E1EAEF100AD72F0 = {
						CreatedOnToolsVersion = 8.2;
						ProvisioningStyle = Automatic;
						SystemCapabilities = {
							com.apple.iCloud = {
								enabled = 1;
							};
						};
					};
					84E06B071E1EAEF100AD72F0 = {
						CreatedOnToolsVersion = 8.2;
						DevelopmentTeam = JZ3J7RVLD7;
						ProvisioningStyle = Automatic;
					};
					84E06B141E1EAEF100AD72F0 = {
						CreatedOnToolsVersion = 8.2;
						DevelopmentTeam = JZ3J7RVLD7;
						ProvisioningStyle = Automatic;
					};
					84E06B221E1EAEF100AD72F0 = {
						CreatedOnToolsVersion = 8.2;
						DevelopmentTeam = JZ3J7RVLD7;
						ProvisioningStyle = Automatic;
					};
					84E06B301E1EAEF100AD72F0 = {
						CreatedOnToolsVersion = 8.2;
						DevelopmentTeam = JZ3J7RVLD7;
						ProvisioningStyle = Automatic;
					};
				};
			};
			buildConfigurationList = 84E06AEE1E1EAEF100AD72F0 /* Build configuration list for PBXProject "Hydra" */;
			compatibilityVersion = "Xcode 3.2";
			developmentRegion = English;
			hasScannedForEncodings = 0;
			knownRegions = (
				en,
				Base,
			);
			mainGroup = 84E06AEA1E1EAEF100AD72F0;
			productRefGroup = 84E06AF91E1EAEF100AD72F0 /* Products */;
			projectDirPath = "";
			projectRoot = "";
			targets = (
				84E06AF71E1EAEF100AD72F0 /* iOS */,
				84E06B071E1EAEF100AD72F0 /* watchOS App */,
				84E06B141E1EAEF100AD72F0 /* watchOS Extension */,
				84E06B221E1EAEF100AD72F0 /* tvOS */,
				84E06B301E1EAEF100AD72F0 /* macOS */,
			);
		};
/* End PBXProject section */

/* Begin PBXResourcesBuildPhase section */
		84E06AF61E1EAEF100AD72F0 /* Resources */ = {
			isa = PBXResourcesBuildPhase;
			buildActionMask = 2147483647;
			files = (
				84FA03F91E1ECE3D004AE7C5 /* kenpixel.ttf in Resources */,
				84E06B011E1EAEF100AD72F0 /* Main.storyboard in Resources */,
				84E06B041E1EAEF100AD72F0 /* LaunchScreen.storyboard in Resources */,
				84E06B461E1EAEF100AD72F0 /* Assets.xcassets in Resources */,
			);
			runOnlyForDeploymentPostprocessing = 0;
		};
		84E06B061E1EAEF100AD72F0 /* Resources */ = {
			isa = PBXResourcesBuildPhase;
			buildActionMask = 2147483647;
			files = (
				84E06B471E1EAEF100AD72F0 /* Assets.xcassets in Resources */,
				84E06B0F1E1EAEF100AD72F0 /* Interface.storyboard in Resources */,
			);
			runOnlyForDeploymentPostprocessing = 0;
		};
		84E06B131E1EAEF100AD72F0 /* Resources */ = {
			isa = PBXResourcesBuildPhase;
			buildActionMask = 2147483647;
			files = (
			);
			runOnlyForDeploymentPostprocessing = 0;
		};
		84E06B211E1EAEF100AD72F0 /* Resources */ = {
			isa = PBXResourcesBuildPhase;
			buildActionMask = 2147483647;
			files = (
				84E06B2B1E1EAEF100AD72F0 /* Main.storyboard in Resources */,
				84FA03FA1E1ECE3D004AE7C5 /* kenpixel.ttf in Resources */,
				84E06B481E1EAEF100AD72F0 /* Assets.xcassets in Resources */,
			);
			runOnlyForDeploymentPostprocessing = 0;
		};
		84E06B2F1E1EAEF100AD72F0 /* Resources */ = {
			isa = PBXResourcesBuildPhase;
			buildActionMask = 2147483647;
			files = (
				84E06B391E1EAEF100AD72F0 /* Main.storyboard in Resources */,
				84FA03FB1E1ECE3D004AE7C5 /* kenpixel.ttf in Resources */,
				84E06B491E1EAEF100AD72F0 /* Assets.xcassets in Resources */,
			);
			runOnlyForDeploymentPostprocessing = 0;
		};
/* End PBXResourcesBuildPhase section */

/* Begin PBXShellScriptBuildPhase section */
		842DD3E41E20297400FCABFB /* ShellScript */ = {
			isa = PBXShellScriptBuildPhase;
			buildActionMask = 8;
			files = (
			);
			inputPaths = (
			);
			outputPaths = (
			);
			runOnlyForDeploymentPostprocessing = 1;
			shellPath = /bin/sh;
			shellScript = "./Frameworks/Fabric.framework/run 3e7f6f013ee0dc3a5f45f5e4db357d194356643b 850680baf12e910f1f651af0e6d7a8d27fc45be1905cbf7f243b802cce84c15e\n\nbuildNumber=$(/usr/libexec/PlistBuddy -c \"Print CFBundleVersion\" \"$INFOPLIST_FILE\")\nbuildNumber=$(($buildNumber + 1))\n/usr/libexec/PlistBuddy -c \"Set :CFBundleVersion $buildNumber\" \"$INFOPLIST_FILE\"";
		};
		8456F1ED1E20723B00BFE39A /* ShellScript */ = {
			isa = PBXShellScriptBuildPhase;
			buildActionMask = 8;
			files = (
			);
			inputPaths = (
			);
			outputPaths = (
			);
			runOnlyForDeploymentPostprocessing = 1;
			shellPath = /bin/sh;
			shellScript = "buildNumber=$(/usr/libexec/PlistBuddy -c \"Print CFBundleVersion\" \"$INFOPLIST_FILE\")\nbuildNumber=$(($buildNumber + 1))\n/usr/libexec/PlistBuddy -c \"Set :CFBundleVersion $buildNumber\" \"$INFOPLIST_FILE\"";
		};
/* End PBXShellScriptBuildPhase section */

/* Begin PBXSourcesBuildPhase section */
		84E06AF41E1EAEF100AD72F0 /* Sources */ = {
			isa = PBXSourcesBuildPhase;
			buildActionMask = 2147483647;
			files = (
				8425F6051E317D9200A8E1B5 /* ServerManager.swift in Sources */,
				849C3A3C1E1EBB1A0092225E /* MainMenuScene.swift in Sources */,
				8432227E1E1EC7A200122709 /* SKTAudio.swift in Sources */,
				843222841E1EC7A200122709 /* SKTTimingFunctions.swift in Sources */,
				84AC1D7E1E201A7900305DD6 /* Model.xcdatamodeld in Sources */,
				849C3A271E1EB2BD0092225E /* GameCamera.swift in Sources */,
				849C3A211E1EB2BD0092225E /* Button.swift in Sources */,
				849C3A2D1E1EB2BD0092225E /* GameScene.swift in Sources */,
				84F21FDE1E4B7C6C00B2CC58 /* Event.swift in Sources */,
				842DD3F01E2035F700FCABFB /* Metrics.swift in Sources */,
				843222691E1EC7A200122709 /* CGPoint+Extensions.swift in Sources */,
				8456E90D1E20277E00345535 /* GameColorsExtension.swift in Sources */,
				843222751E1EC7A200122709 /* SKAction+SpecialEffects.swift in Sources */,
				843222811E1EC7A200122709 /* SKTEffects.swift in Sources */,
				84AC1D6A1E1FFDE500305DD6 /* PlayerData.swift in Sources */,
				849C3A1E1E1EB2BD0092225E /* Box.swift in Sources */,
				849C3A381E1EB37D0092225E /* LoadScene.swift in Sources */,
				846F28501E2963120040DB51 /* MultiLineLabel.swift in Sources */,
				84E06AFE1E1EAEF100AD72F0 /* GameViewController.swift in Sources */,
				8432226C1E1EC7A200122709 /* CGVector+Extensions.swift in Sources */,
				8432226F1E1EC7A200122709 /* Int+Extensions.swift in Sources */,
				84E06AFC1E1EAEF100AD72F0 /* AppDelegate.swift in Sources */,
				843222721E1EC7A200122709 /* SKAction+Extensions.swift in Sources */,
				8432227B1E1EC7A200122709 /* SKNode+Extensions.swift in Sources */,
				84AC1D6E1E1FFE7500305DD6 /* MemoryCard.swift in Sources */,
				843222781E1EC7A200122709 /* SKColor+Extensions.swift in Sources */,
				84D586FD1E425CA00041BAAD /* ScrollNode.swift in Sources */,
				849C3A241E1EB2BD0092225E /* Control.swift in Sources */,
				849C3A301E1EB2BD0092225E /* Label.swift in Sources */,
				843222661E1EC7A200122709 /* CGFloat+Extensions.swift in Sources */,
				847E52BA1E1EFD4E00412D24 /* BlackSpriteNode.swift in Sources */,
				843222871E1EC7A200122709 /* Vector3.swift in Sources */,
				84F364391E1EF813000ECC8B /* CustomBox.swift in Sources */,
				849C3A2A1E1EB2BD0092225E /* GameColors.swift in Sources */,
			);
			runOnlyForDeploymentPostprocessing = 0;
		};
		84E06B111E1EAEF100AD72F0 /* Sources */ = {
			isa = PBXSourcesBuildPhase;
			buildActionMask = 2147483647;
			files = (
				84E06B1D1E1EAEF100AD72F0 /* ExtensionDelegate.swift in Sources */,
				84E06B1B1E1EAEF100AD72F0 /* InterfaceController.swift in Sources */,
			);
			runOnlyForDeploymentPostprocessing = 0;
		};
		84E06B1F1E1EAEF100AD72F0 /* Sources */ = {
			isa = PBXSourcesBuildPhase;
			buildActionMask = 2147483647;
			files = (
				84D586FE1E425CA00041BAAD /* ScrollNode.swift in Sources */,
				84F21FDF1E4B7C6C00B2CC58 /* Event.swift in Sources */,
				849C3A3D1E1EBB1A0092225E /* MainMenuScene.swift in Sources */,
				8432227F1E1EC7A200122709 /* SKTAudio.swift in Sources */,
				843222851E1EC7A200122709 /* SKTTimingFunctions.swift in Sources */,
				84AC1D7F1E201A7900305DD6 /* Model.xcdatamodeld in Sources */,
				849C3A281E1EB2BD0092225E /* GameCamera.swift in Sources */,
				849C3A221E1EB2BD0092225E /* Button.swift in Sources */,
				849C3A2E1E1EB2BD0092225E /* GameScene.swift in Sources */,
				8432226A1E1EC7A200122709 /* CGPoint+Extensions.swift in Sources */,
				8456E90E1E20277E00345535 /* GameColorsExtension.swift in Sources */,
				843222761E1EC7A200122709 /* SKAction+SpecialEffects.swift in Sources */,
				843222821E1EC7A200122709 /* SKTEffects.swift in Sources */,
				84AC1D6B1E1FFDE500305DD6 /* PlayerData.swift in Sources */,
				849C3A1F1E1EB2BD0092225E /* Box.swift in Sources */,
				849C3A391E1EB37D0092225E /* LoadScene.swift in Sources */,
				84E06B281E1EAEF100AD72F0 /* GameViewController.swift in Sources */,
				8432226D1E1EC7A200122709 /* CGVector+Extensions.swift in Sources */,
				843222701E1EC7A200122709 /* Int+Extensions.swift in Sources */,
				84E06B261E1EAEF100AD72F0 /* AppDelegate.swift in Sources */,
				843222731E1EC7A200122709 /* SKAction+Extensions.swift in Sources */,
				8432227C1E1EC7A200122709 /* SKNode+Extensions.swift in Sources */,
				84AC1D6F1E1FFE7500305DD6 /* MemoryCard.swift in Sources */,
				843222791E1EC7A200122709 /* SKColor+Extensions.swift in Sources */,
				849C3A251E1EB2BD0092225E /* Control.swift in Sources */,
				849C3A311E1EB2BD0092225E /* Label.swift in Sources */,
				846F28511E2963120040DB51 /* MultiLineLabel.swift in Sources */,
				843222671E1EC7A200122709 /* CGFloat+Extensions.swift in Sources */,
				8425F6061E317D9200A8E1B5 /* ServerManager.swift in Sources */,
				847E52BB1E1EFD4E00412D24 /* BlackSpriteNode.swift in Sources */,
				843222881E1EC7A200122709 /* Vector3.swift in Sources */,
				84F3643A1E1EF813000ECC8B /* CustomBox.swift in Sources */,
				849C3A2B1E1EB2BD0092225E /* GameColors.swift in Sources */,
			);
			runOnlyForDeploymentPostprocessing = 0;
		};
		84E06B2D1E1EAEF100AD72F0 /* Sources */ = {
			isa = PBXSourcesBuildPhase;
			buildActionMask = 2147483647;
			files = (
				84D586FF1E425CA00041BAAD /* ScrollNode.swift in Sources */,
				84F21FE01E4B7C6C00B2CC58 /* Event.swift in Sources */,
				849C3A3E1E1EBB1A0092225E /* MainMenuScene.swift in Sources */,
				843222801E1EC7A200122709 /* SKTAudio.swift in Sources */,
				843222861E1EC7A200122709 /* SKTTimingFunctions.swift in Sources */,
				84AC1D801E201A7900305DD6 /* Model.xcdatamodeld in Sources */,
				849C3A291E1EB2BD0092225E /* GameCamera.swift in Sources */,
				849C3A231E1EB2BD0092225E /* Button.swift in Sources */,
				849C3A2F1E1EB2BD0092225E /* GameScene.swift in Sources */,
				8432226B1E1EC7A200122709 /* CGPoint+Extensions.swift in Sources */,
				8456E90F1E20277E00345535 /* GameColorsExtension.swift in Sources */,
				843222771E1EC7A200122709 /* SKAction+SpecialEffects.swift in Sources */,
				843222831E1EC7A200122709 /* SKTEffects.swift in Sources */,
				84AC1D6C1E1FFDE500305DD6 /* PlayerData.swift in Sources */,
				849C3A201E1EB2BD0092225E /* Box.swift in Sources */,
				849C3A3A1E1EB37D0092225E /* LoadScene.swift in Sources */,
				84E06B361E1EAEF100AD72F0 /* GameViewController.swift in Sources */,
				8432226E1E1EC7A200122709 /* CGVector+Extensions.swift in Sources */,
				843222711E1EC7A200122709 /* Int+Extensions.swift in Sources */,
				84E06B341E1EAEF100AD72F0 /* AppDelegate.swift in Sources */,
				843222741E1EC7A200122709 /* SKAction+Extensions.swift in Sources */,
				8432227D1E1EC7A200122709 /* SKNode+Extensions.swift in Sources */,
				84AC1D701E1FFE7500305DD6 /* MemoryCard.swift in Sources */,
				8432227A1E1EC7A200122709 /* SKColor+Extensions.swift in Sources */,
				849C3A261E1EB2BD0092225E /* Control.swift in Sources */,
				849C3A321E1EB2BD0092225E /* Label.swift in Sources */,
				846F28521E2963120040DB51 /* MultiLineLabel.swift in Sources */,
				843222681E1EC7A200122709 /* CGFloat+Extensions.swift in Sources */,
				8425F6071E317D9200A8E1B5 /* ServerManager.swift in Sources */,
				847E52BC1E1EFD4E00412D24 /* BlackSpriteNode.swift in Sources */,
				843222891E1EC7A200122709 /* Vector3.swift in Sources */,
				84F3643B1E1EF813000ECC8B /* CustomBox.swift in Sources */,
				849C3A2C1E1EB2BD0092225E /* GameColors.swift in Sources */,
			);
			runOnlyForDeploymentPostprocessing = 0;
		};
/* End PBXSourcesBuildPhase section */

/* Begin PBXTargetDependency section */
		84E06B0B1E1EAEF100AD72F0 /* PBXTargetDependency */ = {
			isa = PBXTargetDependency;
			target = 84E06B071E1EAEF100AD72F0 /* watchOS App */;
			targetProxy = 84E06B0A1E1EAEF100AD72F0 /* PBXContainerItemProxy */;
		};
		84E06B181E1EAEF100AD72F0 /* PBXTargetDependency */ = {
			isa = PBXTargetDependency;
			target = 84E06B141E1EAEF100AD72F0 /* watchOS Extension */;
			targetProxy = 84E06B171E1EAEF100AD72F0 /* PBXContainerItemProxy */;
		};
/* End PBXTargetDependency section */

/* Begin PBXVariantGroup section */
		84E06AFF1E1EAEF100AD72F0 /* Main.storyboard */ = {
			isa = PBXVariantGroup;
			children = (
				84E06B001E1EAEF100AD72F0 /* Base */,
			);
			name = Main.storyboard;
			sourceTree = "<group>";
		};
		84E06B021E1EAEF100AD72F0 /* LaunchScreen.storyboard */ = {
			isa = PBXVariantGroup;
			children = (
				84E06B031E1EAEF100AD72F0 /* Base */,
			);
			name = LaunchScreen.storyboard;
			sourceTree = "<group>";
		};
		84E06B0D1E1EAEF100AD72F0 /* Interface.storyboard */ = {
			isa = PBXVariantGroup;
			children = (
				84E06B0E1E1EAEF100AD72F0 /* Base */,
			);
			name = Interface.storyboard;
			sourceTree = "<group>";
		};
		84E06B291E1EAEF100AD72F0 /* Main.storyboard */ = {
			isa = PBXVariantGroup;
			children = (
				84E06B2A1E1EAEF100AD72F0 /* Base */,
			);
			name = Main.storyboard;
			sourceTree = "<group>";
		};
		84E06B371E1EAEF100AD72F0 /* Main.storyboard */ = {
			isa = PBXVariantGroup;
			children = (
				84E06B381E1EAEF100AD72F0 /* Base */,
			);
			name = Main.storyboard;
			sourceTree = "<group>";
		};
/* End PBXVariantGroup section */

/* Begin XCBuildConfiguration section */
		84E06B4A1E1EAEF100AD72F0 /* Debug */ = {
			isa = XCBuildConfiguration;
			buildSettings = {
				ALWAYS_SEARCH_USER_PATHS = NO;
				CLANG_ANALYZER_NONNULL = YES;
				CLANG_CXX_LANGUAGE_STANDARD = "gnu++0x";
				CLANG_CXX_LIBRARY = "libc++";
				CLANG_ENABLE_MODULES = YES;
				CLANG_ENABLE_OBJC_ARC = YES;
				CLANG_WARN_BOOL_CONVERSION = YES;
				CLANG_WARN_CONSTANT_CONVERSION = YES;
				CLANG_WARN_DIRECT_OBJC_ISA_USAGE = YES_ERROR;
				CLANG_WARN_DOCUMENTATION_COMMENTS = YES;
				CLANG_WARN_EMPTY_BODY = YES;
				CLANG_WARN_ENUM_CONVERSION = YES;
				CLANG_WARN_INFINITE_RECURSION = YES;
				CLANG_WARN_INT_CONVERSION = YES;
				CLANG_WARN_OBJC_ROOT_CLASS = YES_ERROR;
				CLANG_WARN_SUSPICIOUS_MOVE = YES;
				CLANG_WARN_UNREACHABLE_CODE = YES;
				CLANG_WARN__DUPLICATE_METHOD_MATCH = YES;
				COPY_PHASE_STRIP = NO;
				DEBUG_INFORMATION_FORMAT = dwarf;
				ENABLE_STRICT_OBJC_MSGSEND = YES;
				ENABLE_TESTABILITY = YES;
				GCC_C_LANGUAGE_STANDARD = gnu99;
				GCC_DYNAMIC_NO_PIC = NO;
				GCC_NO_COMMON_BLOCKS = YES;
				GCC_OPTIMIZATION_LEVEL = 0;
				GCC_PREPROCESSOR_DEFINITIONS = (
					"DEBUG=1",
					"$(inherited)",
				);
				GCC_WARN_64_TO_32_BIT_CONVERSION = YES;
				GCC_WARN_ABOUT_RETURN_TYPE = YES_ERROR;
				GCC_WARN_UNDECLARED_SELECTOR = YES;
				GCC_WARN_UNINITIALIZED_AUTOS = YES_AGGRESSIVE;
				GCC_WARN_UNUSED_FUNCTION = YES;
				GCC_WARN_UNUSED_VARIABLE = YES;
				IPHONEOS_DEPLOYMENT_TARGET = 8.0;
				MACOSX_DEPLOYMENT_TARGET = 10.10;
				MTL_ENABLE_DEBUG_INFO = YES;
				ONLY_ACTIVE_ARCH = YES;
				SWIFT_ACTIVE_COMPILATION_CONDITIONS = DEBUG;
				SWIFT_OPTIMIZATION_LEVEL = "-Onone";
			};
			name = Debug;
		};
		84E06B4B1E1EAEF100AD72F0 /* Release */ = {
			isa = XCBuildConfiguration;
			buildSettings = {
				ALWAYS_SEARCH_USER_PATHS = NO;
				CLANG_ANALYZER_NONNULL = YES;
				CLANG_CXX_LANGUAGE_STANDARD = "gnu++0x";
				CLANG_CXX_LIBRARY = "libc++";
				CLANG_ENABLE_MODULES = YES;
				CLANG_ENABLE_OBJC_ARC = YES;
				CLANG_WARN_BOOL_CONVERSION = YES;
				CLANG_WARN_CONSTANT_CONVERSION = YES;
				CLANG_WARN_DIRECT_OBJC_ISA_USAGE = YES_ERROR;
				CLANG_WARN_DOCUMENTATION_COMMENTS = YES;
				CLANG_WARN_EMPTY_BODY = YES;
				CLANG_WARN_ENUM_CONVERSION = YES;
				CLANG_WARN_INFINITE_RECURSION = YES;
				CLANG_WARN_INT_CONVERSION = YES;
				CLANG_WARN_OBJC_ROOT_CLASS = YES_ERROR;
				CLANG_WARN_SUSPICIOUS_MOVE = YES;
				CLANG_WARN_UNREACHABLE_CODE = YES;
				CLANG_WARN__DUPLICATE_METHOD_MATCH = YES;
				COPY_PHASE_STRIP = NO;
				DEBUG_INFORMATION_FORMAT = "dwarf-with-dsym";
				ENABLE_NS_ASSERTIONS = NO;
				ENABLE_STRICT_OBJC_MSGSEND = YES;
				GCC_C_LANGUAGE_STANDARD = gnu99;
				GCC_NO_COMMON_BLOCKS = YES;
				GCC_WARN_64_TO_32_BIT_CONVERSION = YES;
				GCC_WARN_ABOUT_RETURN_TYPE = YES_ERROR;
				GCC_WARN_UNDECLARED_SELECTOR = YES;
				GCC_WARN_UNINITIALIZED_AUTOS = YES_AGGRESSIVE;
				GCC_WARN_UNUSED_FUNCTION = YES;
				GCC_WARN_UNUSED_VARIABLE = YES;
				IPHONEOS_DEPLOYMENT_TARGET = 8.0;
				MACOSX_DEPLOYMENT_TARGET = 10.10;
				MTL_ENABLE_DEBUG_INFO = NO;
				SWIFT_OPTIMIZATION_LEVEL = "-Owholemodule";
			};
			name = Release;
		};
		84E06B4D1E1EAEF100AD72F0 /* Debug */ = {
			isa = XCBuildConfiguration;
			buildSettings = {
				DEVELOPMENT_TEAM = JZ3J7RVLD7;
				INFOPLIST_FILE = "watchOS Extension/Info.plist";
				LD_RUNPATH_SEARCH_PATHS = "$(inherited) @executable_path/Frameworks @executable_path/../../Frameworks";
				PRODUCT_BUNDLE_IDENTIFIER = com.PabloHenri91.Hydra.watchkitapp.watchkitextension;
				PRODUCT_NAME = "Hydra Extension";
				SDKROOT = watchos;
				SKIP_INSTALL = YES;
				SWIFT_VERSION = 3.0;
			};
			name = Debug;
		};
		84E06B4E1E1EAEF100AD72F0 /* Release */ = {
			isa = XCBuildConfiguration;
			buildSettings = {
				DEVELOPMENT_TEAM = JZ3J7RVLD7;
				INFOPLIST_FILE = "watchOS Extension/Info.plist";
				LD_RUNPATH_SEARCH_PATHS = "$(inherited) @executable_path/Frameworks @executable_path/../../Frameworks";
				PRODUCT_BUNDLE_IDENTIFIER = com.PabloHenri91.Hydra.watchkitapp.watchkitextension;
				PRODUCT_NAME = "Hydra Extension";
				SDKROOT = watchos;
				SKIP_INSTALL = YES;
				SWIFT_VERSION = 3.0;
				VALIDATE_PRODUCT = YES;
			};
			name = Release;
		};
		84E06B511E1EAEF100AD72F0 /* Debug */ = {
			isa = XCBuildConfiguration;
			buildSettings = {
				ALWAYS_EMBED_SWIFT_STANDARD_LIBRARIES = YES;
				ASSETCATALOG_COMPILER_APPICON_NAME = AppIcon;
				DEVELOPMENT_TEAM = JZ3J7RVLD7;
				IBSC_MODULE = Hydra_Extension;
				INFOPLIST_FILE = "watchOS App/Info.plist";
				PRODUCT_BUNDLE_IDENTIFIER = com.PabloHenri91.Hydra.watchkitapp;
				PRODUCT_NAME = Hydra;
				SDKROOT = watchos;
				SKIP_INSTALL = YES;
				SWIFT_VERSION = 3.0;
			};
			name = Debug;
		};
		84E06B521E1EAEF100AD72F0 /* Release */ = {
			isa = XCBuildConfiguration;
			buildSettings = {
				ALWAYS_EMBED_SWIFT_STANDARD_LIBRARIES = YES;
				ASSETCATALOG_COMPILER_APPICON_NAME = AppIcon;
				DEVELOPMENT_TEAM = JZ3J7RVLD7;
				IBSC_MODULE = Hydra_Extension;
				INFOPLIST_FILE = "watchOS App/Info.plist";
				PRODUCT_BUNDLE_IDENTIFIER = com.PabloHenri91.Hydra.watchkitapp;
				PRODUCT_NAME = Hydra;
				SDKROOT = watchos;
				SKIP_INSTALL = YES;
				SWIFT_VERSION = 3.0;
				VALIDATE_PRODUCT = YES;
			};
			name = Release;
		};
		84E06B551E1EAEF100AD72F0 /* Debug */ = {
			isa = XCBuildConfiguration;
			buildSettings = {
				ASSETCATALOG_COMPILER_APPICON_NAME = AppIcon;
				CODE_SIGN_ENTITLEMENTS = iOS/Hydra.entitlements;
				"CODE_SIGN_IDENTITY[sdk=iphoneos*]" = "iPhone Developer";
				DEVELOPMENT_TEAM = "";
				FRAMEWORK_SEARCH_PATHS = (
					"$(inherited)",
					"$(PROJECT_DIR)/Frameworks",
				);
				INFOPLIST_FILE = iOS/Info.plist;
				LD_RUNPATH_SEARCH_PATHS = "$(inherited) @executable_path/Frameworks";
				PRODUCT_BUNDLE_IDENTIFIER = com.PabloHenri91.Hydra;
				PRODUCT_NAME = Hydra;
				SDKROOT = iphoneos;
				SWIFT_VERSION = 3.0;
				TARGETED_DEVICE_FAMILY = "1,2";
			};
			name = Debug;
		};
		84E06B561E1EAEF100AD72F0 /* Release */ = {
			isa = XCBuildConfiguration;
			buildSettings = {
				ASSETCATALOG_COMPILER_APPICON_NAME = AppIcon;
				CODE_SIGN_ENTITLEMENTS = iOS/Hydra.entitlements;
				"CODE_SIGN_IDENTITY[sdk=iphoneos*]" = "iPhone Developer";
				DEVELOPMENT_TEAM = "";
				FRAMEWORK_SEARCH_PATHS = (
					"$(inherited)",
					"$(PROJECT_DIR)/Frameworks",
				);
				INFOPLIST_FILE = iOS/Info.plist;
				LD_RUNPATH_SEARCH_PATHS = "$(inherited) @executable_path/Frameworks";
				PRODUCT_BUNDLE_IDENTIFIER = com.PabloHenri91.Hydra;
				PRODUCT_NAME = Hydra;
				SDKROOT = iphoneos;
				SWIFT_VERSION = 3.0;
				TARGETED_DEVICE_FAMILY = "1,2";
				VALIDATE_PRODUCT = YES;
			};
			name = Release;
		};
		84E06B581E1EAEF100AD72F0 /* Debug */ = {
			isa = XCBuildConfiguration;
			buildSettings = {
				ASSETCATALOG_COMPILER_APPICON_NAME = "tvOS App Icon & Top Shelf Image";
				ASSETCATALOG_COMPILER_LAUNCHIMAGE_NAME = "tvOS LaunchImage";
				DEVELOPMENT_TEAM = JZ3J7RVLD7;
				FRAMEWORK_SEARCH_PATHS = (
					"$(inherited)",
					"$(PROJECT_DIR)/Frameworks",
				);
				INFOPLIST_FILE = tvOS/Info.plist;
				LD_RUNPATH_SEARCH_PATHS = "$(inherited) @executable_path/Frameworks";
				PRODUCT_BUNDLE_IDENTIFIER = com.PabloHenri91.Hydra;
				PRODUCT_NAME = Hydra;
				SDKROOT = appletvos;
				SWIFT_VERSION = 3.0;
			};
			name = Debug;
		};
		84E06B591E1EAEF100AD72F0 /* Release */ = {
			isa = XCBuildConfiguration;
			buildSettings = {
				ASSETCATALOG_COMPILER_APPICON_NAME = "tvOS App Icon & Top Shelf Image";
				ASSETCATALOG_COMPILER_LAUNCHIMAGE_NAME = "tvOS LaunchImage";
				DEVELOPMENT_TEAM = JZ3J7RVLD7;
				FRAMEWORK_SEARCH_PATHS = (
					"$(inherited)",
					"$(PROJECT_DIR)/Frameworks",
				);
				INFOPLIST_FILE = tvOS/Info.plist;
				LD_RUNPATH_SEARCH_PATHS = "$(inherited) @executable_path/Frameworks";
				PRODUCT_BUNDLE_IDENTIFIER = com.PabloHenri91.Hydra;
				PRODUCT_NAME = Hydra;
				SDKROOT = appletvos;
				SWIFT_VERSION = 3.0;
				VALIDATE_PRODUCT = YES;
			};
			name = Release;
		};
		84E06B5B1E1EAEF100AD72F0 /* Debug */ = {
			isa = XCBuildConfiguration;
			buildSettings = {
				ASSETCATALOG_COMPILER_APPICON_NAME = AppIcon;
				CODE_SIGN_IDENTITY = "-";
				COMBINE_HIDPI_IMAGES = YES;
				DEVELOPMENT_TEAM = JZ3J7RVLD7;
				FRAMEWORK_SEARCH_PATHS = (
					"$(inherited)",
					"$(PROJECT_DIR)/Frameworks",
				);
				INFOPLIST_FILE = macOS/Info.plist;
				LD_RUNPATH_SEARCH_PATHS = "$(inherited) @executable_path/../Frameworks";
				PRODUCT_BUNDLE_IDENTIFIER = com.PabloHenri91.Hydra;
				PRODUCT_NAME = Hydra;
				SDKROOT = macosx;
				SWIFT_VERSION = 3.0;
			};
			name = Debug;
		};
		84E06B5C1E1EAEF100AD72F0 /* Release */ = {
			isa = XCBuildConfiguration;
			buildSettings = {
				ASSETCATALOG_COMPILER_APPICON_NAME = AppIcon;
				CODE_SIGN_IDENTITY = "-";
				COMBINE_HIDPI_IMAGES = YES;
				DEVELOPMENT_TEAM = JZ3J7RVLD7;
				FRAMEWORK_SEARCH_PATHS = (
					"$(inherited)",
					"$(PROJECT_DIR)/Frameworks",
				);
				INFOPLIST_FILE = macOS/Info.plist;
				LD_RUNPATH_SEARCH_PATHS = "$(inherited) @executable_path/../Frameworks";
				PRODUCT_BUNDLE_IDENTIFIER = com.PabloHenri91.Hydra;
				PRODUCT_NAME = Hydra;
				SDKROOT = macosx;
				SWIFT_VERSION = 3.0;
			};
			name = Release;
		};
/* End XCBuildConfiguration section */

/* Begin XCConfigurationList section */
		84E06AEE1E1EAEF100AD72F0 /* Build configuration list for PBXProject "Hydra" */ = {
			isa = XCConfigurationList;
			buildConfigurations = (
				84E06B4A1E1EAEF100AD72F0 /* Debug */,
				84E06B4B1E1EAEF100AD72F0 /* Release */,
			);
			defaultConfigurationIsVisible = 0;
			defaultConfigurationName = Release;
		};
		84E06B4C1E1EAEF100AD72F0 /* Build configuration list for PBXNativeTarget "watchOS Extension" */ = {
			isa = XCConfigurationList;
			buildConfigurations = (
				84E06B4D1E1EAEF100AD72F0 /* Debug */,
				84E06B4E1E1EAEF100AD72F0 /* Release */,
			);
			defaultConfigurationIsVisible = 0;
			defaultConfigurationName = Release;
		};
		84E06B501E1EAEF100AD72F0 /* Build configuration list for PBXNativeTarget "watchOS App" */ = {
			isa = XCConfigurationList;
			buildConfigurations = (
				84E06B511E1EAEF100AD72F0 /* Debug */,
				84E06B521E1EAEF100AD72F0 /* Release */,
			);
			defaultConfigurationIsVisible = 0;
			defaultConfigurationName = Release;
		};
		84E06B541E1EAEF100AD72F0 /* Build configuration list for PBXNativeTarget "iOS" */ = {
			isa = XCConfigurationList;
			buildConfigurations = (
				84E06B551E1EAEF100AD72F0 /* Debug */,
				84E06B561E1EAEF100AD72F0 /* Release */,
			);
			defaultConfigurationIsVisible = 0;
			defaultConfigurationName = Release;
		};
		84E06B571E1EAEF100AD72F0 /* Build configuration list for PBXNativeTarget "tvOS" */ = {
			isa = XCConfigurationList;
			buildConfigurations = (
				84E06B581E1EAEF100AD72F0 /* Debug */,
				84E06B591E1EAEF100AD72F0 /* Release */,
			);
			defaultConfigurationIsVisible = 0;
			defaultConfigurationName = Release;
		};
		84E06B5A1E1EAEF100AD72F0 /* Build configuration list for PBXNativeTarget "macOS" */ = {
			isa = XCConfigurationList;
			buildConfigurations = (
				84E06B5B1E1EAEF100AD72F0 /* Debug */,
				84E06B5C1E1EAEF100AD72F0 /* Release */,
			);
			defaultConfigurationIsVisible = 0;
			defaultConfigurationName = Release;
		};
/* End XCConfigurationList section */

/* Begin XCVersionGroup section */
		84AC1D7C1E201A7900305DD6 /* Model.xcdatamodeld */ = {
			isa = XCVersionGroup;
			children = (
				84AC1D7D1E201A7900305DD6 /* Model.xcdatamodel */,
			);
			currentVersion = 84AC1D7D1E201A7900305DD6 /* Model.xcdatamodel */;
			path = Model.xcdatamodeld;
			sourceTree = "<group>";
			versionGroupType = wrapper.xcdatamodel;
		};
/* End XCVersionGroup section */
	};
	rootObject = 84E06AEB1E1EAEF100AD72F0 /* Project object */;
}
